
Microsoft Visual Studio Solution File, Format Version 12.00
# Visual Studio Version 16
VisualStudioVersion = 16.0.29009.5
MinimumVisualStudioVersion = 10.0.40219.1
Project("{2150E333-8FDC-42A3-9474-1A3956D46DE8}") = "BusinessObjects", "BusinessObjects", "{CA98E029-BF15-4D9A-8026-A83933AAA84E}"
EndProject
Project("{9A19103F-16F7-4668-BE54-9A1E7A4F7556}") = "LoginBO", "LoginBO\LoginBO.csproj", "{56D3DE26-BB71-4AC0-A86F-82E5FD7BD517}"
EndProject
Project("{2150E333-8FDC-42A3-9474-1A3956D46DE8}") = "Architect", "Architect", "{EA1E56AE-AB34-4D6B-938E-E94CA5C77AB2}"
EndProject
Project("{9A19103F-16F7-4668-BE54-9A1E7A4F7556}") = "ServicesPackage", "Services\ServicesPackage.csproj", "{042A0E71-2F66-4E73-A68C-39E2FE441160}"
EndProject
Project("{9A19103F-16F7-4668-BE54-9A1E7A4F7556}") = "CustomerBO", "CustomerBO\CustomerBO.csproj", "{59C15294-CC83-4718-867D-2B7079ED21FB}"
EndProject
Project("{2150E333-8FDC-42A3-9474-1A3956D46DE8}") = "ViewObjects", "ViewObjects", "{31D0A3DE-5295-40C7-B947-E60C47E3D38E}"
EndProject
Project("{2150E333-8FDC-42A3-9474-1A3956D46DE8}") = "Websites", "Websites", "{742ED63D-DBDD-4B40-B0B0-413574DDEAAB}"
EndProject
Project("{2150E333-8FDC-42A3-9474-1A3956D46DE8}") = "Application", "Application", "{A9FF8F0A-D253-4037-9E5C-02A37C9968C7}"
EndProject
Project("{2150E333-8FDC-42A3-9474-1A3956D46DE8}") = "Domain", "Domain", "{A4450E18-428F-4C98-9C53-B7946BDE0965}"
EndProject
Project("{2150E333-8FDC-42A3-9474-1A3956D46DE8}") = "Presentation", "Presentation", "{4C40668B-948A-40D8-ABC1-3AF7A6F86982}"
EndProject
Project("{2150E333-8FDC-42A3-9474-1A3956D46DE8}") = "UnitTest", "UnitTest", "{6463F030-0BAA-459A-B659-1640F5A15BD6}"
EndProject
Project("{2150E333-8FDC-42A3-9474-1A3956D46DE8}") = "Infrstructure", "Infrstructure", "{911C99C0-9B45-404B-B7A4-D731166FE3B5}"
EndProject
Project("{2150E333-8FDC-42A3-9474-1A3956D46DE8}") = "DataAccess", "DataAccess", "{84A07F23-A91A-491E-948E-F0B1A9C623A3}"
EndProject
Project("{2150E333-8FDC-42A3-9474-1A3956D46DE8}") = "Common", "Common", "{B3104B79-35F2-448B-95E8-1726BA516842}"
EndProject
Project("{9A19103F-16F7-4668-BE54-9A1E7A4F7556}") = "AccountBO", "AccountBO\AccountBO.csproj", "{81E7AD94-7F09-46C0-88CF-FFE07446F5B1}"
EndProject
Project("{9A19103F-16F7-4668-BE54-9A1E7A4F7556}") = "LoginBOTests", "LoginBOTests\LoginBOTests.csproj", "{18EFC4AA-C0D9-4063-8A36-7D091EC153F3}"
EndProject
Project("{9A19103F-16F7-4668-BE54-9A1E7A4F7556}") = "Domain.ViewObjects.LoginServiceVO", "Domain.ViewObjects.LoginServiceVO\Domain.ViewObjects.LoginServiceVO.csproj", "{65CB0378-0A9A-4709-A29E-04618331A8D7}"
EndProject
Project("{2150E333-8FDC-42A3-9474-1A3956D46DE8}") = "Solution Items", "Solution Items", "{17F685E6-179B-46A9-AFDC-E7951EB4654C}"
	ProjectSection(SolutionItems) = preProject
		README.md = README.md
	EndProjectSection
EndProject
Global
	GlobalSection(SolutionConfigurationPlatforms) = preSolution
		Debug|Any CPU = Debug|Any CPU
		Release|Any CPU = Release|Any CPU
	EndGlobalSection
	GlobalSection(ProjectConfigurationPlatforms) = postSolution
		{56D3DE26-BB71-4AC0-A86F-82E5FD7BD517}.Debug|Any CPU.ActiveCfg = Debug|Any CPU
		{56D3DE26-BB71-4AC0-A86F-82E5FD7BD517}.Debug|Any CPU.Build.0 = Debug|Any CPU
		{56D3DE26-BB71-4AC0-A86F-82E5FD7BD517}.Release|Any CPU.ActiveCfg = Release|Any CPU
		{56D3DE26-BB71-4AC0-A86F-82E5FD7BD517}.Release|Any CPU.Build.0 = Release|Any CPU
		{042A0E71-2F66-4E73-A68C-39E2FE441160}.Debug|Any CPU.ActiveCfg = Debug|Any CPU
		{042A0E71-2F66-4E73-A68C-39E2FE441160}.Debug|Any CPU.Build.0 = Debug|Any CPU
		{042A0E71-2F66-4E73-A68C-39E2FE441160}.Release|Any CPU.ActiveCfg = Release|Any CPU
		{042A0E71-2F66-4E73-A68C-39E2FE441160}.Release|Any CPU.Build.0 = Release|Any CPU
		{59C15294-CC83-4718-867D-2B7079ED21FB}.Debug|Any CPU.ActiveCfg = Debug|Any CPU
		{59C15294-CC83-4718-867D-2B7079ED21FB}.Debug|Any CPU.Build.0 = Debug|Any CPU
		{59C15294-CC83-4718-867D-2B7079ED21FB}.Release|Any CPU.ActiveCfg = Release|Any CPU
		{59C15294-CC83-4718-867D-2B7079ED21FB}.Release|Any CPU.Build.0 = Release|Any CPU
		{81E7AD94-7F09-46C0-88CF-FFE07446F5B1}.Debug|Any CPU.ActiveCfg = Debug|Any CPU
		{81E7AD94-7F09-46C0-88CF-FFE07446F5B1}.Debug|Any CPU.Build.0 = Debug|Any CPU
		{81E7AD94-7F09-46C0-88CF-FFE07446F5B1}.Release|Any CPU.ActiveCfg = Release|Any CPU
		{81E7AD94-7F09-46C0-88CF-FFE07446F5B1}.Release|Any CPU.Build.0 = Release|Any CPU
		{18EFC4AA-C0D9-4063-8A36-7D091EC153F3}.Debug|Any CPU.ActiveCfg = Debug|Any CPU
		{18EFC4AA-C0D9-4063-8A36-7D091EC153F3}.Debug|Any CPU.Build.0 = Debug|Any CPU
		{18EFC4AA-C0D9-4063-8A36-7D091EC153F3}.Release|Any CPU.ActiveCfg = Release|Any CPU
		{18EFC4AA-C0D9-4063-8A36-7D091EC153F3}.Release|Any CPU.Build.0 = Release|Any CPU
		{65CB0378-0A9A-4709-A29E-04618331A8D7}.Debug|Any CPU.ActiveCfg = Debug|Any CPU
		{65CB0378-0A9A-4709-A29E-04618331A8D7}.Debug|Any CPU.Build.0 = Debug|Any CPU
		{65CB0378-0A9A-4709-A29E-04618331A8D7}.Release|Any CPU.ActiveCfg = Release|Any CPU
		{65CB0378-0A9A-4709-A29E-04618331A8D7}.Release|Any CPU.Build.0 = Release|Any CPU
	EndGlobalSection
	GlobalSection(SolutionProperties) = preSolution
		HideSolutionNode = FALSE
	EndGlobalSection
	GlobalSection(NestedProjects) = preSolution
		{CA98E029-BF15-4D9A-8026-A83933AAA84E} = {A9FF8F0A-D253-4037-9E5C-02A37C9968C7}
		{56D3DE26-BB71-4AC0-A86F-82E5FD7BD517} = {CA98E029-BF15-4D9A-8026-A83933AAA84E}
		{EA1E56AE-AB34-4D6B-938E-E94CA5C77AB2} = {911C99C0-9B45-404B-B7A4-D731166FE3B5}
		{042A0E71-2F66-4E73-A68C-39E2FE441160} = {EA1E56AE-AB34-4D6B-938E-E94CA5C77AB2}
		{59C15294-CC83-4718-867D-2B7079ED21FB} = {CA98E029-BF15-4D9A-8026-A83933AAA84E}
		{31D0A3DE-5295-40C7-B947-E60C47E3D38E} = {A4450E18-428F-4C98-9C53-B7946BDE0965}
		{742ED63D-DBDD-4B40-B0B0-413574DDEAAB} = {4C40668B-948A-40D8-ABC1-3AF7A6F86982}
		{84A07F23-A91A-491E-948E-F0B1A9C623A3} = {911C99C0-9B45-404B-B7A4-D731166FE3B5}
		{B3104B79-35F2-448B-95E8-1726BA516842} = {911C99C0-9B45-404B-B7A4-D731166FE3B5}
		{81E7AD94-7F09-46C0-88CF-FFE07446F5B1} = {CA98E029-BF15-4D9A-8026-A83933AAA84E}
		{18EFC4AA-C0D9-4063-8A36-7D091EC153F3} = {6463F030-0BAA-459A-B659-1640F5A15BD6}
		{65CB0378-0A9A-4709-A29E-04618331A8D7} = {31D0A3DE-5295-40C7-B947-E60C47E3D38E}
	EndGlobalSection
	GlobalSection(ExtensibilityGlobals) = postSolution
		SolutionGuid = {1831C181-6C01-4DF3-97EB-93B90988F758}
	EndGlobalSection
EndGlobal
